Microsoft Visual Studio Solution File, Format Version 12.00
# Visual Studio Version 17
VisualStudioVersion = 17.5.2.0
MinimumVisualStudioVersion = 10.0.40219.1
Project("{FAE04EC0-301F-11D3-BF4B-00C04F79EFBC}") = "snake-gaming-campus", "snake-gaming-campus.csproj", "{B7A11980-04C2-0CCF-2255-D0F1AC4022A8}"
EndProject
Global
	GlobalSection(SolutionConfigurationPlatforms) = preSolution
		Debug|Any CPU = Debug|Any CPU
		Release|Any CPU = Release|Any CPU
	EndGlobalSection
	GlobalSection(ProjectConfigurationPlatforms) = postSolution
		{B7A11980-04C2-0CCF-2255-D0F1AC4022A8}.Debug|Any CPU.ActiveCfg = Debug|Any CPU
		{B7A11980-04C2-0CCF-2255-D0F1AC4022A8}.Debug|Any CPU.Build.0 = Debug|Any CPU
		{B7A11980-04C2-0CCF-2255-D0F1AC4022A8}.Release|Any CPU.ActiveCfg = Release|Any CPU
		{B7A11980-04C2-0CCF-2255-D0F1AC4022A8}.Release|Any CPU.Build.0 = Release|Any CPU
	EndGlobalSection
	GlobalSection(SolutionProperties) = preSolution
		HideSolutionNode = FALSE
	EndGlobalSection
	GlobalSection(ExtensibilityGlobals) = postSolution
		SolutionGuid = {0B29FA61-6DEC-4BA1-9270-29BAE8E346BF}
	EndGlobalSection
EndGlobal
